// !$*UTF8*$!
{
	archiveVersion = 1;
	classes = {
	};
	objectVersion = 77;
	objects = {

/* Begin PBXBuildFile section */
		1D40A55293414668980870AC /* HealthSyncCore in Frameworks */ = {isa = PBXBuildFile; productRef = 6D1A54D47E52032FE6EEDC92 /* HealthSyncCore */; };
		433C22E7C90580B35594B2A1 /* HealthAuthorizationCoordinator.swift in Sources */ = {isa = PBXBuildFile; fileRef = BBF129F71CF90D4477CB41CB /* HealthAuthorizationCoordinator.swift */; };
		5CE77D8F1CFBB8F7B97D1988 /* AnchoredSyncCoordinator.swift in Sources */ = {isa = PBXBuildFile; fileRef = CBCB08339120FB9E396E74BC /* AnchoredSyncCoordinator.swift */; };
		7F7C16BC4AEC0D0B598E3C8E /* KeychainStore.swift in Sources */ = {isa = PBXBuildFile; fileRef = FB1874043D99A763394C3304 /* KeychainStore.swift */; };
		AF71264D1903D7A15FAE3A41 /* HealthSyncHelperApp.swift in Sources */ = {isa = PBXBuildFile; fileRef = BA8389007FB4927B8614D9AA /* HealthSyncHelperApp.swift */; };
		DAECD0E1DBEDF6223216FDFD /* PairingURL.swift in Sources */ = {isa = PBXBuildFile; fileRef = A156064AC2195054F589C0F9 /* PairingURL.swift */; };
/* End PBXBuildFile section */

/* Begin PBXFileReference section */
		07F4928F01BD698CE69F8BB4 /* HealthSyncHelper.app */ = {isa = PBXFileReference; includeInIndex = 0; lastKnownFileType = wrapper.application; path = HealthSyncHelper.app; sourceTree = BUILT_PRODUCTS_DIR; };
		5AF5732ADF3B707033B4D2B0 /* HealthSyncCore */ = {isa = PBXFileReference; lastKnownFileType = folder; name = HealthSyncCore; path = HealthSyncCore; sourceTree = SOURCE_ROOT; };
		A156064AC2195054F589C0F9 /* PairingURL.swift */ = {isa = PBXFileReference; lastKnownFileType = sourcecode.swift; path = PairingURL.swift; sourceTree = "<group>"; };
		BA8389007FB4927B8614D9AA /* HealthSyncHelperApp.swift */ = {isa = PBXFileReference; lastKnownFileType = sourcecode.swift; path = HealthSyncHelperApp.swift; sourceTree = "<group>"; };
		BBF129F71CF90D4477CB41CB /* HealthAuthorizationCoordinator.swift */ = {isa = PBXFileReference; lastKnownFileType = sourcecode.swift; path = HealthAuthorizationCoordinator.swift; sourceTree = "<group>"; };
		CBCB08339120FB9E396E74BC /* AnchoredSyncCoordinator.swift */ = {isa = PBXFileReference; lastKnownFileType = sourcecode.swift; path = AnchoredSyncCoordinator.swift; sourceTree = "<group>"; };
		FB1874043D99A763394C3304 /* KeychainStore.swift */ = {isa = PBXFileReference; lastKnownFileType = sourcecode.swift; path = KeychainStore.swift; sourceTree = "<group>"; };
/* End PBXFileReference section */

/* Begin PBXFrameworksBuildPhase section */
		5FE5D004C46D717FC717063F /* Frameworks */ = {
			isa = PBXFrameworksBuildPhase;
			buildActionMask = 2147483647;
			files = (
				1D40A55293414668980870AC /* HealthSyncCore in Frameworks */,
			);
			runOnlyForDeploymentPostprocessing = 0;
		};
/* End PBXFrameworksBuildPhase section */

/* Begin PBXGroup section */
		2C3329D1B97403249CDE5307 /* HealthSyncHelper */ = {
			isa = PBXGroup;
			children = (
				CBCB08339120FB9E396E74BC /* AnchoredSyncCoordinator.swift */,
				BBF129F71CF90D4477CB41CB /* HealthAuthorizationCoordinator.swift */,
				BA8389007FB4927B8614D9AA /* HealthSyncHelperApp.swift */,
				FB1874043D99A763394C3304 /* KeychainStore.swift */,
				A156064AC2195054F589C0F9 /* PairingURL.swift */,
			);
			path = HealthSyncHelper;
			sourceTree = "<group>";
		};
		47D7A27667D452300360FE6F = {
			isa = PBXGroup;
			children = (
				2C3329D1B97403249CDE5307 /* HealthSyncHelper */,
				EFDAA6D861F92D81F01BD768 /* Packages */,
				82B6220B5047891DD3999639 /* Products */,
			);
			sourceTree = "<group>";
		};
		82B6220B5047891DD3999639 /* Products */ = {
			isa = PBXGroup;
			children = (
				07F4928F01BD698CE69F8BB4 /* HealthSyncHelper.app */,
			);
			name = Products;
			sourceTree = "<group>";
		};
		EFDAA6D861F92D81F01BD768 /* Packages */ = {
			isa = PBXGroup;
			children = (
				5AF5732ADF3B707033B4D2B0 /* HealthSyncCore */,
			);
			name = Packages;
			sourceTree = "<group>";
		};
/* End PBXGroup section */

/* Begin PBXNativeTarget section */
		FA47827C3F9A45217F699158 /* HealthSyncHelper */ = {
			isa = PBXNativeTarget;
			buildConfigurationList = B31572807B09FF6A0FE78611 /* Build configuration list for PBXNativeTarget "HealthSyncHelper" */;
			buildPhases = (
				4C63A134F279728AC601E917 /* Sources */,
				5FE5D004C46D717FC717063F /* Frameworks */,
			);
			buildRules = (
			);
			dependencies = (
			);
			name = HealthSyncHelper;
			packageProductDependencies = (
				6D1A54D47E52032FE6EEDC92 /* HealthSyncCore */,
			);
			productName = HealthSyncHelper;
			productReference = 07F4928F01BD698CE69F8BB4 /* HealthSyncHelper.app */;
			productType = "com.apple.product-type.application";
		};
/* End PBXNativeTarget section */

/* Begin PBXProject section */
		A3FD6B1E9833D442CF96AC71 /* Project object */ = {
			isa = PBXProject;
			attributes = {
				BuildIndependentTargetsInParallel = YES;
				LastUpgradeCheck = 1430;
				TargetAttributes = {
				};
			};
			buildConfigurationList = 0A917381F925BB90DC40A406 /* Build configuration list for PBXProject "HealthSyncHelper" */;
			developmentRegion = en;
			hasScannedForEncodings = 0;
			knownRegions = (
				Base,
				en,
			);
			mainGroup = 47D7A27667D452300360FE6F;
			minimizedProjectReferenceProxies = 1;
			packageReferences = (
				7373B5EB33D5FB746E68A4AB /* XCLocalSwiftPackageReference "HealthSyncCore" */,
			);
			preferredProjectObjectVersion = 77;
			productRefGroup = 82B6220B5047891DD3999639 /* Products */;
			projectDirPath = "";
			projectRoot = "";
			targets = (
				FA47827C3F9A45217F699158 /* HealthSyncHelper */,
			);
		};
/* End PBXProject section */

/* Begin PBXSourcesBuildPhase section */
		4C63A134F279728AC601E917 /* Sources */ = {
			isa = PBXSourcesBuildPhase;
			buildActionMask = 2147483647;
			files = (
				5CE77D8F1CFBB8F7B97D1988 /* AnchoredSyncCoordinator.swift in Sources */,
				433C22E7C90580B35594B2A1 /* HealthAuthorizationCoordinator.swift in Sources */,
				AF71264D1903D7A15FAE3A41 /* HealthSyncHelperApp.swift in Sources */,
				7F7C16BC4AEC0D0B598E3C8E /* KeychainStore.swift in Sources */,
				DAECD0E1DBEDF6223216FDFD /* PairingURL.swift in Sources */,
			);
			runOnlyForDeploymentPostprocessing = 0;
		};
/* End PBXSourcesBuildPhase section */

/* Begin XCBuildConfiguration section */
		2921E5F23893AE529689A565 /* Debug */ = {
			isa = XCBuildConfiguration;
			buildSettings = {
				ASSETCATALOG_COMPILER_APPICON_NAME = AppIcon;
				CODE_SIGN_ENTITLEMENTS = HealthSyncHelper/HealthSyncHelper.entitlements;
				CODE_SIGN_IDENTITY = "iPhone Developer";
				GENERATE_INFOPLIST_FILE = NO;
				INFOPLIST_FILE = HealthSyncHelper/Resources/Info.plist;
				LD_RUNPATH_SEARCH_PATHS = (
					"$(inherited)",
					"@executable_path/Frameworks",
				);
				PRODUCT_BUNDLE_IDENTIFIER = com.personalhealthcontext.healthsync.suffix;
				PRODUCT_NAME = HealthSyncHelper;
				SDKROOT = iphoneos;
				SUPPORTS_MACCATALYST = NO;
				SWIFT_VERSION = 5.9;
				TARGETED_DEVICE_FAMILY = "1,2";
			};
			name = Debug;
		};
		4BD9D74F7915CB54BE19E6F1 /* Release */ = {
			isa = XCBuildConfiguration;
			buildSettings = {
				ASSETCATALOG_COMPILER_APPICON_NAME = AppIcon;
				CODE_SIGN_ENTITLEMENTS = HealthSyncHelper/HealthSyncHelper.entitlements;
				CODE_SIGN_IDENTITY = "iPhone Developer";
				GENERATE_INFOPLIST_FILE = NO;
				INFOPLIST_FILE = HealthSyncHelper/Resources/Info.plist;
				LD_RUNPATH_SEARCH_PATHS = (
					"$(inherited)",
					"@executable_path/Frameworks",
				);
				PRODUCT_BUNDLE_IDENTIFIER = com.personalhealthcontext.healthsync.suffix;
				PRODUCT_NAME = HealthSyncHelper;
				SDKROOT = iphoneos;
				SUPPORTS_MACCATALYST = NO;
				SWIFT_VERSION = 5.9;
				TARGETED_DEVICE_FAMILY = "1,2";
			};
			name = Release;
		};
		4FC76A54A01E0DCE5E12EEEB /* Release */ = {
			isa = XCBuildConfiguration;
			buildSettings = {
				ALWAYS_SEARCH_USER_PATHS = NO;
				CLANG_ANALYZER_NONNULL = YES;
				CLANG_ANALYZER_NUMBER_OBJECT_CONVERSION = YES_AGGRESSIVE;
				CLANG_CXX_LANGUAGE_STANDARD = "gnu++14";
				CLANG_CXX_LIBRARY = "libc++";
				CLANG_ENABLE_MODULES = YES;
				CLANG_ENABLE_OBJC_ARC = YES;
				CLANG_ENABLE_OBJC_WEAK = YES;
				CLANG_WARN_BLOCK_CAPTURE_AUTORELEASING = YES;
				CLANG_WARN_BOOL_CONVERSION = YES;
				CLANG_WARN_COMMA = YES;
				CLANG_WARN_CONSTANT_CONVERSION = YES;
				CLANG_WARN_DEPRECATED_OBJC_IMPLEMENTATIONS = YES;
				CLANG_WARN_DIRECT_OBJC_ISA_USAGE = YES_ERROR;
				CLANG_WARN_DOCUMENTATION_COMMENTS = YES;
				CLANG_WARN_EMPTY_BODY = YES;
				CLANG_WARN_ENUM_CONVERSION = YES;
				CLANG_WARN_INFINITE_RECURSION = YES;
				CLANG_WARN_INT_CONVERSION = YES;
				CLANG_WARN_NON_LITERAL_NULL_CONVERSION = YES;
				CLANG_WARN_OBJC_IMPLICIT_RETAIN_SELF = YES;
				CLANG_WARN_OBJC_LITERAL_CONVERSION = YES;
				CLANG_WARN_OBJC_ROOT_CLASS = YES_ERROR;
				CLANG_WARN_QUOTED_INCLUDE_IN_FRAMEWORK_HEADER = YES;
				CLANG_WARN_RANGE_LOOP_ANALYSIS = YES;
				CLANG_WARN_STRICT_PROTOTYPES = YES;
				CLANG_WARN_SUSPICIOUS_MOVE = YES;
				CLANG_WARN_UNGUARDED_AVAILABILITY = YES_AGGRESSIVE;
				CLANG_WARN_UNREACHABLE_CODE = YES;
				CLANG_WARN__DUPLICATE_METHOD_MATCH = YES;
				COPY_PHASE_STRIP = NO;
				DEBUG_INFORMATION_FORMAT = "dwarf-with-dsym";
				ENABLE_NS_ASSERTIONS = NO;
				ENABLE_STRICT_OBJC_MSGSEND = YES;
				GCC_C_LANGUAGE_STANDARD = gnu11;
				GCC_NO_COMMON_BLOCKS = YES;
				GCC_WARN_64_TO_32_BIT_CONVERSION = YES;
				GCC_WARN_ABOUT_RETURN_TYPE = YES_ERROR;
				GCC_WARN_UNDECLARED_SELECTOR = YES;
				GCC_WARN_UNINITIALIZED_AUTOS = YES_AGGRESSIVE;
				GCC_WARN_UNUSED_FUNCTION = YES;
				GCC_WARN_UNUSED_VARIABLE = YES;
				IPHONEOS_DEPLOYMENT_TARGET = 17.0;
				MTL_ENABLE_DEBUG_INFO = NO;
				MTL_FAST_MATH = YES;
				PRODUCT_NAME = "$(TARGET_NAME)";
				SDKROOT = iphoneos;
				SWIFT_COMPILATION_MODE = wholemodule;
				SWIFT_OPTIMIZATION_LEVEL = "-O";
				SWIFT_VERSION = 5.0;
			};
			name = Release;
		};
		C207C9354B8D1F93C0CF64D6 /* Debug */ = {
			isa = XCBuildConfiguration;
			buildSettings = {
				ALWAYS_SEARCH_USER_PATHS = NO;
				CLANG_ANALYZER_NONNULL = YES;
				CLANG_ANALYZER_NUMBER_OBJECT_CONVERSION = YES_AGGRESSIVE;
				CLANG_CXX_LANGUAGE_STANDARD = "gnu++14";
				CLANG_CXX_LIBRARY = "libc++";
				CLANG_ENABLE_MODULES = YES;
				CLANG_ENABLE_OBJC_ARC = YES;
				CLANG_ENABLE_OBJC_WEAK = YES;
				CLANG_WARN_BLOCK_CAPTURE_AUTORELEASING = YES;
				CLANG_WARN_BOOL_CONVERSION = YES;
				CLANG_WARN_COMMA = YES;
				CLANG_WARN_CONSTANT_CONVERSION = YES;
				CLANG_WARN_DEPRECATED_OBJC_IMPLEMENTATIONS = YES;
				CLANG_WARN_DIRECT_OBJC_ISA_USAGE = YES_ERROR;
				CLANG_WARN_DOCUMENTATION_COMMENTS = YES;
				CLANG_WARN_EMPTY_BODY = YES;
				CLANG_WARN_ENUM_CONVERSION = YES;
				CLANG_WARN_INFINITE_RECURSION = YES;
				CLANG_WARN_INT_CONVERSION = YES;
				CLANG_WARN_NON_LITERAL_NULL_CONVERSION = YES;
				CLANG_WARN_OBJC_IMPLICIT_RETAIN_SELF = YES;
				CLANG_WARN_OBJC_LITERAL_CONVERSION = YES;
				CLANG_WARN_OBJC_ROOT_CLASS = YES_ERROR;
				CLANG_WARN_QUOTED_INCLUDE_IN_FRAMEWORK_HEADER = YES;
				CLANG_WARN_RANGE_LOOP_ANALYSIS = YES;
				CLANG_WARN_STRICT_PROTOTYPES = YES;
				CLANG_WARN_SUSPICIOUS_MOVE = YES;
				CLANG_WARN_UNGUARDED_AVAILABILITY = YES_AGGRESSIVE;
				CLANG_WARN_UNREACHABLE_CODE = YES;
				CLANG_WARN__DUPLICATE_METHOD_MATCH = YES;
				COPY_PHASE_STRIP = NO;
				DEBUG_INFORMATION_FORMAT = dwarf;
				ENABLE_STRICT_OBJC_MSGSEND = YES;
				ENABLE_TESTABILITY = YES;
				GCC_C_LANGUAGE_STANDARD = gnu11;
				GCC_DYNAMIC_NO_PIC = NO;
				GCC_NO_COMMON_BLOCKS = YES;
				GCC_OPTIMIZATION_LEVEL = 0;
				GCC_PREPROCESSOR_DEFINITIONS = (
					"$(inherited)",
					"DEBUG=1",
				);
				GCC_WARN_64_TO_32_BIT_CONVERSION = YES;
				GCC_WARN_ABOUT_RETURN_TYPE = YES_ERROR;
				GCC_WARN_UNDECLARED_SELECTOR = YES;
				GCC_WARN_UNINITIALIZED_AUTOS = YES_AGGRESSIVE;
				GCC_WARN_UNUSED_FUNCTION = YES;
				GCC_WARN_UNUSED_VARIABLE = YES;
				IPHONEOS_DEPLOYMENT_TARGET = 17.0;
				MTL_ENABLE_DEBUG_INFO = INCLUDE_SOURCE;
				MTL_FAST_MATH = YES;
				ONLY_ACTIVE_ARCH = YES;
				PRODUCT_NAME = "$(TARGET_NAME)";
				SDKROOT = iphoneos;
				SWIFT_ACTIVE_COMPILATION_CONDITIONS = DEBUG;
				SWIFT_OPTIMIZATION_LEVEL = "-Onone";
				SWIFT_VERSION = 5.0;
			};
			name = Debug;
		};
/* End XCBuildConfiguration section */

/* Begin XCConfigurationList section */
		0A917381F925BB90DC40A406 /* Build configuration list for PBXProject "HealthSyncHelper" */ = {
			isa = XCConfigurationList;
			buildConfigurations = (
				C207C9354B8D1F93C0CF64D6 /* Debug */,
				4FC76A54A01E0DCE5E12EEEB /* Release */,
			);
			defaultConfigurationIsVisible = 0;
			defaultConfigurationName = Debug;
		};
		B31572807B09FF6A0FE78611 /* Build configuration list for PBXNativeTarget "HealthSyncHelper" */ = {
			isa = XCConfigurationList;
			buildConfigurations = (
				2921E5F23893AE529689A565 /* Debug */,
				4BD9D74F7915CB54BE19E6F1 /* Release */,
			);
			defaultConfigurationIsVisible = 0;
			defaultConfigurationName = Debug;
		};
/* End XCConfigurationList section */

/* Begin XCLocalSwiftPackageReference section */
		7373B5EB33D5FB746E68A4AB /* XCLocalSwiftPackageReference "HealthSyncCore" */ = {
			isa = XCLocalSwiftPackageReference;
			relativePath = HealthSyncCore;
		};
/* End XCLocalSwiftPackageReference section */

/* Begin XCSwiftPackageProductDependency section */
		6D1A54D47E52032FE6EEDC92 /* HealthSyncCore */ = {
			isa = XCSwiftPackageProductDependency;
			productName = HealthSyncCore;
		};
/* End XCSwiftPackageProductDependency section */
	};
	rootObject = A3FD6B1E9833D442CF96AC71 /* Project object */;
}
